// !$*UTF8*$!
{
	archiveVersion = 1;
	classes = {
	};
	objectVersion = 50;
	objects = {

/* Begin PBXBuildFile section */
		B0B1EE8C20842CF5004AC41F /* AppDelegate.swift in Sources */ = {isa = PBXBuildFile; fileRef = B0B1EE8B20842CF5004AC41F /* AppDelegate.swift */; };
		B0B1EE8E20842CF5004AC41F /* ViewController.swift in Sources */ = {isa = PBXBuildFile; fileRef = B0B1EE8D20842CF5004AC41F /* ViewController.swift */; };
		B0B1EE9120842CF5004AC41F /* Main.storyboard in Resources */ = {isa = PBXBuildFile; fileRef = B0B1EE8F20842CF5004AC41F /* Main.storyboard */; };
		B0B1EE9320842CF6004AC41F /* Assets.xcassets in Resources */ = {isa = PBXBuildFile; fileRef = B0B1EE9220842CF6004AC41F /* Assets.xcassets */; };
		B0B1EE9620842CF6004AC41F /* LaunchScreen.storyboard in Resources */ = {isa = PBXBuildFile; fileRef = B0B1EE9420842CF6004AC41F /* LaunchScreen.storyboard */; };
/* End PBXBuildFile section */

/* Begin PBXFileReference section */
		B0B1EE8820842CF5004AC41F /* RentCalc.app */ = {isa = PBXFileReference; explicitFileType = wrapper.application; includeInIndex = 0; path = RentCalc.app; sourceTree = BUILT_PRODUCTS_DIR; };
		B0B1EE8B20842CF5004AC41F /* AppDelegate.swift */ = {isa = PBXFileReference; lastKnownFileType = sourcecode.swift; path = AppDelegate.swift; sourceTree = "<group>"; };
		B0B1EE8D20842CF5004AC41F /* ViewController.swift */ = {isa = PBXFileReference; lastKnownFileType = sourcecode.swift; path = ViewController.swift; sourceTree = "<group>"; };
		B0B1EE9020842CF5004AC41F /* Base */ = {isa = PBXFileReference; lastKnownFileType = file.storyboard; name = Base; path = Base.lproj/Main.storyboard; sourceTree = "<group>"; };
		B0B1EE9220842CF6004AC41F /* Assets.xcassets */ = {isa = PBXFileReference; lastKnownFileType = folder.assetcatalog; path = Assets.xcassets; sourceTree = "<group>"; };
		B0B1EE9520842CF6004AC41F /* Base */ = {isa = PBXFileReference; lastKnownFileType = file.storyboard; name = Base; path = Base.lproj/LaunchScreen.storyboard; sourceTree = "<group>"; };
		B0B1EE9720842CF6004AC41F /* Info.plist */ = {isa = PBXFileReference; lastKnownFileType = text.plist.xml; path = Info.plist; sourceTree = "<group>"; };
/* End PBXFileReference section */

/* Begin PBXFrameworksBuildPhase section */
		B0B1EE8520842CF5004AC41F /* Frameworks */ = {
			isa = PBXFrameworksBuildPhase;
			buildActionMask = 2147483647;
			files = (
			);
			runOnlyForDeploymentPostprocessing = 0;
		};
/* End PBXFrameworksBuildPhase section */

/* Begin PBXGroup section */
		B051820E20898D0100D12838 /* Supporting Files */ = {
			isa = PBXGroup;
			children = (
				B0B1EE9420842CF6004AC41F /* LaunchScreen.storyboard */,
				B0B1EE9720842CF6004AC41F /* Info.plist */,
			);
			path = "Supporting Files";
			sourceTree = "<group>";
		};
		B051820F20898D0C00D12838 /* Controller */ = {
			isa = PBXGroup;
			children = (
				B0B1EE8B20842CF5004AC41F /* AppDelegate.swift */,
				B0B1EE8D20842CF5004AC41F /* ViewController.swift */,
			);
			path = Controller;
			sourceTree = "<group>";
		};
		B051821020898D1700D12838 /* View */ = {
			isa = PBXGroup;
			children = (
				B0B1EE8F20842CF5004AC41F /* Main.storyboard */,
				B0B1EE9220842CF6004AC41F /* Assets.xcassets */,
			);
			path = View;
			sourceTree = "<group>";
		};
		B051821120898D2100D12838 /* Model */ = {
			isa = PBXGroup;
			children = (
			);
			path = Model;
			sourceTree = "<group>";
		};
		B0B1EE7F20842CF5004AC41F = {
			isa = PBXGroup;
			children = (
				B0B1EE8A20842CF5004AC41F /* RentCalc */,
				B0B1EE8920842CF5004AC41F /* Products */,
			);
			sourceTree = "<group>";
		};
		B0B1EE8920842CF5004AC41F /* Products */ = {
			isa = PBXGroup;
			children = (
				B0B1EE8820842CF5004AC41F /* RentCalc.app */,
			);
			name = Products;
			sourceTree = "<group>";
		};
		B0B1EE8A20842CF5004AC41F /* RentCalc */ = {
			isa = PBXGroup;
			children = (
				B051821120898D2100D12838 /* Model */,
				B051821020898D1700D12838 /* View */,
				B051820F20898D0C00D12838 /* Controller */,
				B051820E20898D0100D12838 /* Supporting Files */,
			);
			path = RentCalc;
			sourceTree = "<group>";
		};
/* End PBXGroup section */

/* Begin PBXNativeTarget section */
		B0B1EE8720842CF5004AC41F /* RentCalc */ = {
			isa = PBXNativeTarget;
			buildConfigurationList = B0B1EE9A20842CF6004AC41F /* Build configuration list for PBXNativeTarget "RentCalc" */;
			buildPhases = (
				B0B1EE8420842CF5004AC41F /* Sources */,
				B0B1EE8520842CF5004AC41F /* Frameworks */,
				B0B1EE8620842CF5004AC41F /* Resources */,
			);
			buildRules = (
			);
			dependencies = (
			);
			name = RentCalc;
			productName = RentCalc;
			productReference = B0B1EE8820842CF5004AC41F /* RentCalc.app */;
			productType = "com.apple.product-type.application";
		};
/* End PBXNativeTarget section */

/* Begin PBXProject section */
		B0B1EE8020842CF5004AC41F /* Project object */ = {
			isa = PBXProject;
			attributes = {
				LastSwiftUpdateCheck = 0930;
				LastUpgradeCheck = 0930;
				ORGANIZATIONNAME = "The Mexineer";
				TargetAttributes = {
					B0B1EE8720842CF5004AC41F = {
						CreatedOnToolsVersion = 9.3;
					};
				};
			};
			buildConfigurationList = B0B1EE8320842CF5004AC41F /* Build configuration list for PBXProject "RentCalc" */;
			compatibilityVersion = "Xcode 9.3";
			developmentRegion = en;
			hasScannedForEncodings = 0;
			knownRegions = (
				en,
				Base,
			);
			mainGroup = B0B1EE7F20842CF5004AC41F;
			productRefGroup = B0B1EE8920842CF5004AC41F /* Products */;
			projectDirPath = "";
			projectRoot = "";
			targets = (
				B0B1EE8720842CF5004AC41F /* RentCalc */,
			);
		};
/* End PBXProject section */

/* Begin PBXResourcesBuildPhase section */
		B0B1EE8620842CF5004AC41F /* Resources */ = {
			isa = PBXResourcesBuildPhase;
			buildActionMask = 2147483647;
			files = (
				B0B1EE9620842CF6004AC41F /* LaunchScreen.storyboard in Resources */,
				B0B1EE9320842CF6004AC41F /* Assets.xcassets in Resources */,
				B0B1EE9120842CF5004AC41F /* Main.storyboard in Resources */,
			);
			runOnlyForDeploymentPostprocessing = 0;
		};
/* End PBXResourcesBuildPhase section */

/* Begin PBXSourcesBuildPhase section */
		B0B1EE8420842CF5004AC41F /* Sources */ = {
			isa = PBXSourcesBuildPhase;
			buildActionMask = 2147483647;
			files = (
				B0B1EE8E20842CF5004AC41F /* ViewController.swift in Sources */,
				B0B1EE8C20842CF5004AC41F /* AppDelegate.swift in Sources */,
			);
			runOnlyForDeploymentPostprocessing = 0;
		};
/* End PBXSourcesBuildPhase section */

/* Begin PBXVariantGroup section */
		B0B1EE8F20842CF5004AC41F /* Main.storyboard */ = {
			isa = PBXVariantGroup;
			children = (
				B0B1EE9020842CF5004AC41F /* Base */,
			);
			name = Main.storyboard;
			sourceTree = "<group>";
		};
		B0B1EE9420842CF6004AC41F /* LaunchScreen.storyboard */ = {
			isa = PBXVariantGroup;
			children = (
				B0B1EE9520842CF6004AC41F /* Base */,
			);
			name = LaunchScreen.storyboard;
			sourceTree = "<group>";
		};
/* End PBXVariantGroup section */

/* Begin XCBuildConfiguration section */
		B0B1EE9820842CF6004AC41F /* Debug */ = {
			isa = XCBuildConfiguration;
			buildSettings = {
				ALWAYS_SEARCH_USER_PATHS = NO;
				CLANG_ANALYZER_NONNULL = YES;
				CLANG_ANALYZER_NUMBER_OBJECT_CONVERSION = YES_AGGRESSIVE;
				CLANG_CXX_LANGUAGE_STANDARD = "gnu++14";
				CLANG_CXX_LIBRARY = "libc++";
				CLANG_ENABLE_MODULES = YES;
				CLANG_ENABLE_OBJC_ARC = YES;
				CLANG_ENABLE_OBJC_WEAK = YES;
				CLANG_WARN_BLOCK_CAPTURE_AUTORELEASING = YES;
				CLANG_WARN_BOOL_CONVERSION = YES;
				CLANG_WARN_COMMA = YES;
				CLANG_WARN_CONSTANT_CONVERSION = YES;
				CLANG_WARN_DEPRECATED_OBJC_IMPLEMENTATIONS = YES;
				CLANG_WARN_DIRECT_OBJC_ISA_USAGE = YES_ERROR;
				CLANG_WARN_DOCUMENTATION_COMMENTS = YES;
				CLANG_WARN_EMPTY_BODY = YES;
				CLANG_WARN_ENUM_CONVERSION = YES;
				CLANG_WARN_INFINITE_RECURSION = YES;
				CLANG_WARN_INT_CONVERSION = YES;
				CLANG_WARN_NON_LITERAL_NULL_CONVERSION = YES;
				CLANG_WARN_OBJC_IMPLICIT_RETAIN_SELF = YES;
				CLANG_WARN_OBJC_LITERAL_CONVERSION = YES;
				CLANG_WARN_OBJC_ROOT_CLASS = YES_ERROR;
				CLANG_WARN_RANGE_LOOP_ANALYSIS = YES;
				CLANG_WARN_STRICT_PROTOTYPES = YES;
				CLANG_WARN_SUSPICIOUS_MOVE = YES;
				CLANG_WARN_UNGUARDED_AVAILABILITY = YES_AGGRESSIVE;
				CLANG_WARN_UNREACHABLE_CODE = YES;
				CLANG_WARN__DUPLICATE_METHOD_MATCH = YES;
				CODE_SIGN_IDENTITY = "iPhone Developer";
				COPY_PHASE_STRIP = NO;
				DEBUG_INFORMATION_FORMAT = dwarf;
				ENABLE_STRICT_OBJC_MSGSEND = YES;
				ENABLE_TESTABILITY = YES;
				GCC_C_LANGUAGE_STANDARD = gnu11;
				GCC_DYNAMIC_NO_PIC = NO;
				GCC_NO_COMMON_BLOCKS = YES;
				GCC_OPTIMIZATION_LEVEL = 0;
				GCC_PREPROCESSOR_DEFINITIONS = (
					"DEBUG=1",
					"$(inherited)",
				);
				GCC_WARN_64_TO_32_BIT_CONVERSION = YES;
				GCC_WARN_ABOUT_RETURN_TYPE = YES_ERROR;
				GCC_WARN_UNDECLARED_SELECTOR = YES;
				GCC_WARN_UNINITIALIZED_AUTOS = YES_AGGRESSIVE;
				GCC_WARN_UNUSED_FUNCTION = YES;
				GCC_WARN_UNUSED_VARIABLE = YES;
				IPHONEOS_DEPLOYMENT_TARGET = 11.3;
				MTL_ENABLE_DEBUG_INFO = YES;
				ONLY_ACTIVE_ARCH = YES;
				SDKROOT = iphoneos;
				SWIFT_ACTIVE_COMPILATION_CONDITIONS = DEBUG;
				SWIFT_OPTIMIZATION_LEVEL = "-Onone";
			};
			name = Debug;
		};
		B0B1EE9920842CF6004AC41F /* Release */ = {
			isa = XCBuildConfiguration;
			buildSettings = {
				ALWAYS_SEARCH_USER_PATHS = NO;
				CLANG_ANALYZER_NONNULL = YES;
				CLANG_ANALYZER_NUMBER_OBJECT_CONVERSION = YES_AGGRESSIVE;
				CLANG_CXX_LANGUAGE_STANDARD = "gnu++14";
				CLANG_CXX_LIBRARY = "libc++";
				CLANG_ENABLE_MODULES = YES;
				CLANG_ENABLE_OBJC_ARC = YES;
				CLANG_ENABLE_OBJC_WEAK = YES;
				CLANG_WARN_BLOCK_CAPTURE_AUTORELEASING = YES;
				CLANG_WARN_BOOL_CONVERSION = YES;
				CLANG_WARN_COMMA = YES;
				CLANG_WARN_CONSTANT_CONVERSION = YES;
				CLANG_WARN_DEPRECATED_OBJC_IMPLEMENTATIONS = YES;
				CLANG_WARN_DIRECT_OBJC_ISA_USAGE = YES_ERROR;
				CLANG_WARN_DOCUMENTATION_COMMENTS = YES;
				CLANG_WARN_EMPTY_BODY = YES;
				CLANG_WARN_ENUM_CONVERSION = YES;
				CLANG_WARN_INFINITE_RECURSION = YES;
				CLANG_WARN_INT_CONVERSION = YES;
				CLANG_WARN_NON_LITERAL_NULL_CONVERSION = YES;
				CLANG_WARN_OBJC_IMPLICIT_RETAIN_SELF = YES;
				CLANG_WARN_OBJC_LITERAL_CONVERSION = YES;
				CLANG_WARN_OBJC_ROOT_CLASS = YES_ERROR;
				CLANG_WARN_RANGE_LOOP_ANALYSIS = YES;
				CLANG_WARN_STRICT_PROTOTYPES = YES;
				CLANG_WARN_SUSPICIOUS_MOVE = YES;
				CLANG_WARN_UNGUARDED_AVAILABILITY = YES_AGGRESSIVE;
				CLANG_WARN_UNREACHABLE_CODE = YES;
				CLANG_WARN__DUPLICATE_METHOD_MATCH = YES;
				CODE_SIGN_IDENTITY = "iPhone Developer";
				COPY_PHASE_STRIP = NO;
				DEBUG_INFORMATION_FORMAT = "dwarf-with-dsym";
				ENABLE_NS_ASSERTIONS = NO;
				ENABLE_STRICT_OBJC_MSGSEND = YES;
				GCC_C_LANGUAGE_STANDARD = gnu11;
				GCC_NO_COMMON_BLOCKS = YES;
				GCC_WARN_64_TO_32_BIT_CONVERSION = YES;
				GCC_WARN_ABOUT_RETURN_TYPE = YES_ERROR;
				GCC_WARN_UNDECLARED_SELECTOR = YES;
				GCC_WARN_UNINITIALIZED_AUTOS = YES_AGGRESSIVE;
				GCC_WARN_UNUSED_FUNCTION = YES;
				GCC_WARN_UNUSED_VARIABLE = YES;
				IPHONEOS_DEPLOYMENT_TARGET = 11.3;
				MTL_ENABLE_DEBUG_INFO = NO;
				SDKROOT = iphoneos;
				SWIFT_COMPILATION_MODE = wholemodule;
				SWIFT_OPTIMIZATION_LEVEL = "-O";
				VALIDATE_PRODUCT = YES;
			};
			name = Release;
		};
		B0B1EE9B20842CF6004AC41F /* Debug */ = {
			isa = XCBuildConfiguration;
			buildSettings = {
				ASSETCATALOG_COMPILER_APPICON_NAME = AppIcon;
				CODE_SIGN_STYLE = Automatic;
				DEVELOPMENT_TEAM = P67N65GUX4;
				INFOPLIST_FILE = RentCalc/Info.plist;
				LD_RUNPATH_SEARCH_PATHS = (
					"$(inherited)",
					"@executable_path/Frameworks",
				);
				PRODUCT_BUNDLE_IDENTIFIER = com.TheMexineer.RentCalc;
				PRODUCT_NAME = "$(TARGET_NAME)";
				SWIFT_VERSION = 4.0;
				TARGETED_DEVICE_FAMILY = 1;
			};
			name = Debug;
		};
		B0B1EE9C20842CF6004AC41F /* Release */ = {
			isa = XCBuildConfiguration;
			buildSettings = {
				ASSETCATALOG_COMPILER_APPICON_NAME = AppIcon;
				CODE_SIGN_STYLE = Automatic;
				DEVELOPMENT_TEAM = P67N65GUX4;
				INFOPLIST_FILE = RentCalc/Info.plist;
				LD_RUNPATH_SEARCH_PATHS = (
					"$(inherited)",
					"@executable_path/Frameworks",
				);
				PRODUCT_BUNDLE_IDENTIFIER = com.TheMexineer.RentCalc;
				PRODUCT_NAME = "$(TARGET_NAME)";
				SWIFT_VERSION = 4.0;
				TARGETED_DEVICE_FAMILY = 1;
			};
			name = Release;
		};
/* End XCBuildConfiguration section */

/* Begin XCConfigurationList section */
		B0B1EE8320842CF5004AC41F /* Build configuration list for PBXProject "RentCalc" */ = {
			isa = XCConfigurationList;
			buildConfigurations = (
				B0B1EE9820842CF6004AC41F /* Debug */,
				B0B1EE9920842CF6004AC41F /* Release */,
			);
			defaultConfigurationIsVisible = 0;
			defaultConfigurationName = Release;
		};
		B0B1EE9A20842CF6004AC41F /* Build configuration list for PBXNativeTarget "RentCalc" */ = {
			isa = XCConfigurationList;
			buildConfigurations = (
				B0B1EE9B20842CF6004AC41F /* Debug */,
				B0B1EE9C20842CF6004AC41F /* Release */,
			);
			defaultConfigurationIsVisible = 0;
			defaultConfigurationName = Release;
		};
/* End XCConfigurationList section */
	};
	rootObject = B0B1EE8020842CF5004AC41F /* Project object */;
}
